
Microsoft Visual Studio Solution File, Format Version 12.00
# Visual Studio 15
VisualStudioVersion = 15.0.27130.2036
MinimumVisualStudioVersion = 10.0.40219.1
Project("{FAE04EC0-301F-11D3-BF4B-00C04F79EFBC}") = "MessageTypes", "..\MessageTypes\MessageTypes.csproj", "{BD7690FC-BB78-4A6E-A06B-01CCA47942EB}"
EndProject
Project("{FAE04EC0-301F-11D3-BF4B-00C04F79EFBC}") = "ServerWinform", "WinformServer\ServerWinform.csproj", "{C2FCA6DD-9118-48EB-90D1-B3735AA0808A}"
EndProject
Global
	GlobalSection(SolutionConfigurationPlatforms) = preSolution
		Debug|Any CPU = Debug|Any CPU
		Debug|Mixed Platforms = Debug|Mixed Platforms
		Debug|x86 = Debug|x86
		Release|Any CPU = Release|Any CPU
		Release|Mixed Platforms = Release|Mixed Platforms
		Release|x86 = Release|x86
	EndGlobalSection
	GlobalSection(ProjectConfigurationPlatforms) = postSolution
		{BD7690FC-BB78-4A6E-A06B-01CCA47942EB}.Debug|Any CPU.ActiveCfg = Debug|Any CPU
		{BD7690FC-BB78-4A6E-A06B-01CCA47942EB}.Debug|Any CPU.Build.0 = Debug|Any CPU
		{BD7690FC-BB78-4A6E-A06B-01CCA47942EB}.Debug|Mixed Platforms.ActiveCfg = Debug|Any CPU
		{BD7690FC-BB78-4A6E-A06B-01CCA47942EB}.Debug|Mixed Platforms.Build.0 = Debug|Any CPU
		{BD7690FC-BB78-4A6E-A06B-01CCA47942EB}.Debug|x86.ActiveCfg = Debug|Any CPU
		{BD7690FC-BB78-4A6E-A06B-01CCA47942EB}.Release|Any CPU.ActiveCfg = Release|Any CPU
		{BD7690FC-BB78-4A6E-A06B-01CCA47942EB}.Release|Any CPU.Build.0 = Release|Any CPU
		{BD7690FC-BB78-4A6E-A06B-01CCA47942EB}.Release|Mixed Platforms.ActiveCfg = Release|Any CPU
		{BD7690FC-BB78-4A6E-A06B-01CCA47942EB}.Release|Mixed Platforms.Build.0 = Release|Any CPU
		{BD7690FC-BB78-4A6E-A06B-01CCA47942EB}.Release|x86.ActiveCfg = Release|Any CPU
		{C2FCA6DD-9118-48EB-90D1-B3735AA0808A}.Debug|Any CPU.ActiveCfg = Debug|x86
		{C2FCA6DD-9118-48EB-90D1-B3735AA0808A}.Debug|Mixed Platforms.ActiveCfg = Debug|x86
		{C2FCA6DD-9118-48EB-90D1-B3735AA0808A}.Debug|Mixed Platforms.Build.0 = Debug|x86
		{C2FCA6DD-9118-48EB-90D1-B3735AA0808A}.Debug|x86.ActiveCfg = Debug|x86
		{C2FCA6DD-9118-48EB-90D1-B3735AA0808A}.Debug|x86.Build.0 = Debug|x86
		{C2FCA6DD-9118-48EB-90D1-B3735AA0808A}.Release|Any CPU.ActiveCfg = Release|x86
		{C2FCA6DD-9118-48EB-90D1-B3735AA0808A}.Release|Mixed Platforms.ActiveCfg = Release|x86
		{C2FCA6DD-9118-48EB-90D1-B3735AA0808A}.Release|Mixed Platforms.Build.0 = Release|x86
		{C2FCA6DD-9118-48EB-90D1-B3735AA0808A}.Release|x86.ActiveCfg = Release|x86
		{C2FCA6DD-9118-48EB-90D1-B3735AA0808A}.Release|x86.Build.0 = Release|x86
	EndGlobalSection
	GlobalSection(SolutionProperties) = preSolution
		HideSolutionNode = FALSE
	EndGlobalSection
	GlobalSection(ExtensibilityGlobals) = postSolution
		SolutionGuid = {23D89464-4D26-4075-BAAF-47640E8455B2}
	EndGlobalSection
EndGlobal
